
Microsoft Visual Studio Solution File, Format Version 12.00
# Visual Studio 15
VisualStudioVersion = 15.0.28010.2003
MinimumVisualStudioVersion = 10.0.40219.1
Project("{FAE04EC0-301F-11D3-BF4B-00C04F79EFBC}") = "HospitalCharges", "HospitalCharges\HospitalCharges.csproj", "{D95D501A-AD41-4964-994E-5D2597D00EDD}"
EndProject
Global
	GlobalSection(SolutionConfigurationPlatforms) = preSolution
		Debug|Any CPU = Debug|Any CPU
		Release|Any CPU = Release|Any CPU
	EndGlobalSection
	GlobalSection(ProjectConfigurationPlatforms) = postSolution
		{D95D501A-AD41-4964-994E-5D2597D00EDD}.Debug|Any CPU.ActiveCfg = Debug|Any CPU
		{D95D501A-AD41-4964-994E-5D2597D00EDD}.Debug|Any CPU.Build.0 = Debug|Any CPU
		{D95D501A-AD41-4964-994E-5D2597D00EDD}.Release|Any CPU.ActiveCfg = Release|Any CPU
		{D95D501A-AD41-4964-994E-5D2597D00EDD}.Release|Any CPU.Build.0 = Release|Any CPU
	EndGlobalSection
	GlobalSection(SolutionProperties) = preSolution
		HideSolutionNode = FALSE
	EndGlobalSection
	GlobalSection(ExtensibilityGlobals) = postSolution
		SolutionGuid = {5B7E90D9-E2E3-4558-B84A-DD7FBDA66052}
	EndGlobalSection
EndGlobal
